
Microsoft Visual Studio Solution File, Format Version 12.00
# Visual Studio Version 17
VisualStudioVersion = 17.9.34723.18
MinimumVisualStudioVersion = 10.0.40219.1
Project("{FAE04EC0-301F-11D3-BF4B-00C04F79EFBC}") = "AcademyAPI", "AcademyAPI\AcademyAPI.csproj", "{7814CCDD-0000-4547-ADE3-CEB7C904EC06}"
EndProject
Project("{FAE04EC0-301F-11D3-BF4B-00C04F79EFBC}") = "Academy.Application", "Academy.Application\Academy.Application.csproj", "{1C8FFF63-A22B-40F7-9475-B6018B1B42B8}"
EndProject
Project("{FAE04EC0-301F-11D3-BF4B-00C04F79EFBC}") = "Academy.Core", "Academy.Core\Academy.Core.csproj", "{FC78FA42-C775-4630-A0DA-46E46BA2DF8D}"
EndProject
Project("{FAE04EC0-301F-11D3-BF4B-00C04F79EFBC}") = "Academy.Infrasctructure", "Academy.Infrasctructure\Academy.Infrasctructure.csproj", "{19069F7B-DB77-493E-9852-66D286332B2D}"
EndProject
Project("{FAE04EC0-301F-11D3-BF4B-00C04F79EFBC}") = "Academy.UnitTests", "Academy.UnitTests\Academy.UnitTests.csproj", "{0563E5EB-88F3-4204-B512-D9FAFEEBCBF7}"
EndProject
Global
	GlobalSection(SolutionConfigurationPlatforms) = preSolution
		Debug|Any CPU = Debug|Any CPU
		Release|Any CPU = Release|Any CPU
	EndGlobalSection
	GlobalSection(ProjectConfigurationPlatforms) = postSolution
		{7814CCDD-0000-4547-ADE3-CEB7C904EC06}.Debug|Any CPU.ActiveCfg = Debug|Any CPU
		{7814CCDD-0000-4547-ADE3-CEB7C904EC06}.Debug|Any CPU.Build.0 = Debug|Any CPU
		{7814CCDD-0000-4547-ADE3-CEB7C904EC06}.Release|Any CPU.ActiveCfg = Release|Any CPU
		{7814CCDD-0000-4547-ADE3-CEB7C904EC06}.Release|Any CPU.Build.0 = Release|Any CPU
		{1C8FFF63-A22B-40F7-9475-B6018B1B42B8}.Debug|Any CPU.ActiveCfg = Debug|Any CPU
		{1C8FFF63-A22B-40F7-9475-B6018B1B42B8}.Debug|Any CPU.Build.0 = Debug|Any CPU
		{1C8FFF63-A22B-40F7-9475-B6018B1B42B8}.Release|Any CPU.ActiveCfg = Release|Any CPU
		{1C8FFF63-A22B-40F7-9475-B6018B1B42B8}.Release|Any CPU.Build.0 = Release|Any CPU
		{FC78FA42-C775-4630-A0DA-46E46BA2DF8D}.Debug|Any CPU.ActiveCfg = Debug|Any CPU
		{FC78FA42-C775-4630-A0DA-46E46BA2DF8D}.Debug|Any CPU.Build.0 = Debug|Any CPU
		{FC78FA42-C775-4630-A0DA-46E46BA2DF8D}.Release|Any CPU.ActiveCfg = Release|Any CPU
		{FC78FA42-C775-4630-A0DA-46E46BA2DF8D}.Release|Any CPU.Build.0 = Release|Any CPU
		{19069F7B-DB77-493E-9852-66D286332B2D}.Debug|Any CPU.ActiveCfg = Debug|Any CPU
		{19069F7B-DB77-493E-9852-66D286332B2D}.Debug|Any CPU.Build.0 = Debug|Any CPU
		{19069F7B-DB77-493E-9852-66D286332B2D}.Release|Any CPU.ActiveCfg = Release|Any CPU
		{19069F7B-DB77-493E-9852-66D286332B2D}.Release|Any CPU.Build.0 = Release|Any CPU
		{0563E5EB-88F3-4204-B512-D9FAFEEBCBF7}.Debug|Any CPU.ActiveCfg = Debug|Any CPU
		{0563E5EB-88F3-4204-B512-D9FAFEEBCBF7}.Debug|Any CPU.Build.0 = Debug|Any CPU
		{0563E5EB-88F3-4204-B512-D9FAFEEBCBF7}.Release|Any CPU.ActiveCfg = Release|Any CPU
		{0563E5EB-88F3-4204-B512-D9FAFEEBCBF7}.Release|Any CPU.Build.0 = Release|Any CPU
	EndGlobalSection
	GlobalSection(SolutionProperties) = preSolution
		HideSolutionNode = FALSE
	EndGlobalSection
	GlobalSection(ExtensibilityGlobals) = postSolution
		SolutionGuid = {4B5F0867-434D-437C-B1F5-58BDDB5B4407}
	EndGlobalSection
EndGlobal
